{
  "name": "vf-remote",
  "version": "0.0.3",
  "lockfileVersion": 1,
  "requires": true,
  "dependencies": {
    "@types/estree": {
      "version": "0.0.39",
      "resolved": "https://registry.npmjs.org/@types/estree/-/estree-0.0.39.tgz",
      "integrity": "sha512-EYNwp3bU+98cpU4lAWYYL7Zz+2gryWH1qbdDTidVd6hkiR6weksdbMadyXKXNPEkQFhXM+hVO9ZygomHXp+AIw==",
      "dev": true
    },
    "@types/node": {
      "version": "10.5.2",
      "resolved": "https://registry.npmjs.org/@types/node/-/node-10.5.2.tgz",
      "integrity": "sha512-m9zXmifkZsMHZBOyxZWilMwmTlpC8x5Ty360JKTiXvlXZfBWYpsg9ZZvP/Ye+iZUh+Q+MxDLjItVTWIsfwz+8Q==",
      "dev": true
    },
    "commander": {
      "version": "2.16.0",
      "resolved": "https://registry.npmjs.org/commander/-/commander-2.16.0.tgz",
      "integrity": "sha512-sVXqklSaotK9at437sFlFpyOcJonxe0yST/AG9DkQKUdIE6IqGIMv4SfAQSKaJbSdVEJYItASCrBiVQHq1HQew=="
    },
    "rollup": {
      "version": "0.62.0",
      "resolved": "https://registry.npmjs.org/rollup/-/rollup-0.62.0.tgz",
      "integrity": "sha512-mZS0aIGfYzuJySJD78znu9/hCJsNfBzg4lDuZGMj0hFVcYHt2evNRHv8aqiu9/w6z6Qn8AQoVl4iyEjDmisGeA==",
      "dev": true,
      "requires": {
        "@types/estree": "0.0.39",
        "@types/node": "10.5.2"
      }
    },
    "source-map": {
      "version": "0.6.1",
      "resolved": "https://registry.npmjs.org/source-map/-/source-map-0.6.1.tgz",
      "integrity": "sha512-UjgapumWlbMhkBgzT7Ykc5YXUT46F0iKu8SGXq0bcwP5dz/h0Plj6enJqjz1Zbq2l5WaqYnrVbwWOWMyF3F47g=="
    },
    "uglify-js": {
      "version": "3.4.5",
      "resolved": "https://registry.npmjs.org/uglify-js/-/uglify-js-3.4.5.tgz",
      "integrity": "sha512-Fm52gLqJqFBnT+Sn411NPDnsgaWiYeRLw42x7Va/mS8TKgaepwoGY7JLXHSEef3d3PmdFXSz1Zx7KMLL89E2QA==",
      "requires": {
        "commander": "2.16.0",
        "source-map": "0.6.1"
      }
    }
  }
}
